
Microsoft Visual Studio Solution File, Format Version 12.00
# Visual Studio 14
VisualStudioVersion = 14.0.25420.1
MinimumVisualStudioVersion = 10.0.40219.1
Project("{FAE04EC0-301F-11D3-BF4B-00C04F79EFBC}") = "AdditionCalculator", "AdditionCalculator\AdditionCalculator.csproj", "{47CA810B-7C50-4740-87C5-FD9662B68A72}"
EndProject
Project("{FAE04EC0-301F-11D3-BF4B-00C04F79EFBC}") = "AdditionCalculator.Test", "ClassLibrary1\AdditionCalculator.Test.csproj", "{FB39F3B0-DA01-41F3-A31B-6E6DFDFB96D7}"
EndProject
Global
	GlobalSection(SolutionConfigurationPlatforms) = preSolution
		Debug|Any CPU = Debug|Any CPU
		Release|Any CPU = Release|Any CPU
	EndGlobalSection
	GlobalSection(ProjectConfigurationPlatforms) = postSolution
		{47CA810B-7C50-4740-87C5-FD9662B68A72}.Debug|Any CPU.ActiveCfg = Debug|Any CPU
		{47CA810B-7C50-4740-87C5-FD9662B68A72}.Debug|Any CPU.Build.0 = Debug|Any CPU
		{47CA810B-7C50-4740-87C5-FD9662B68A72}.Release|Any CPU.ActiveCfg = Release|Any CPU
		{47CA810B-7C50-4740-87C5-FD9662B68A72}.Release|Any CPU.Build.0 = Release|Any CPU
		{FB39F3B0-DA01-41F3-A31B-6E6DFDFB96D7}.Debug|Any CPU.ActiveCfg = Debug|Any CPU
		{FB39F3B0-DA01-41F3-A31B-6E6DFDFB96D7}.Debug|Any CPU.Build.0 = Debug|Any CPU
		{FB39F3B0-DA01-41F3-A31B-6E6DFDFB96D7}.Release|Any CPU.ActiveCfg = Release|Any CPU
		{FB39F3B0-DA01-41F3-A31B-6E6DFDFB96D7}.Release|Any CPU.Build.0 = Release|Any CPU
	EndGlobalSection
	GlobalSection(SolutionProperties) = preSolution
		HideSolutionNode = FALSE
	EndGlobalSection
EndGlobal
